
Microsoft Visual Studio Solution File, Format Version 12.00
# Visual Studio 15
VisualStudioVersion = 15.0.28307.757
MinimumVisualStudioVersion = 10.0.40219.1
Project("{FAE04EC0-301F-11D3-BF4B-00C04F79EFBC}") = "WebZadatak", "WebZadatak\WebZadatak.csproj", "{B73F9462-5641-48B7-825A-D05E85D9E79B}"
EndProject
Global
	GlobalSection(SolutionConfigurationPlatforms) = preSolution
		Debug|Any CPU = Debug|Any CPU
		Release|Any CPU = Release|Any CPU
	EndGlobalSection
	GlobalSection(ProjectConfigurationPlatforms) = postSolution
		{B73F9462-5641-48B7-825A-D05E85D9E79B}.Debug|Any CPU.ActiveCfg = Debug|Any CPU
		{B73F9462-5641-48B7-825A-D05E85D9E79B}.Debug|Any CPU.Build.0 = Debug|Any CPU
		{B73F9462-5641-48B7-825A-D05E85D9E79B}.Release|Any CPU.ActiveCfg = Release|Any CPU
		{B73F9462-5641-48B7-825A-D05E85D9E79B}.Release|Any CPU.Build.0 = Release|Any CPU
	EndGlobalSection
	GlobalSection(SolutionProperties) = preSolution
		HideSolutionNode = FALSE
	EndGlobalSection
	GlobalSection(ExtensibilityGlobals) = postSolution
		SolutionGuid = {98130968-181A-4E18-82C1-7EDEB67B4F33}
	EndGlobalSection
EndGlobal
